Microsoft Visual Studio Solution File, Format Version 11.00
# Visual Studio 2008

Project("{2DD30BAB-8D6C-BA17-26AE-D7A9A3102AFF}") = "Moving Cubes", "Assembly-CSharp.csproj", "{ECE12448-6E38-C2A2-7A1D-369C84374861}"
EndProject
Project("{2DD30BAB-8D6C-BA17-26AE-D7A9A3102AFF}") = "Moving Cubes", "Assembly-CSharp-Editor.csproj", "{D36E271D-4D35-70C8-9B5E-9D9676DB69A7}"
EndProject
Global
	GlobalSection(SolutionConfigurationPlatforms) = preSolution
		Debug|Any CPU = Debug|Any CPU
		Release|Any CPU = Release|Any CPU
	EndGlobalSection
	GlobalSection(ProjectConfigurationPlatforms) = postSolution
		{ECE12448-6E38-C2A2-7A1D-369C84374861}.Debug|Any CPU.ActiveCfg = Debug|Any CPU
		{ECE12448-6E38-C2A2-7A1D-369C84374861}.Debug|Any CPU.Build.0 = Debug|Any CPU
		{ECE12448-6E38-C2A2-7A1D-369C84374861}.Release|Any CPU.ActiveCfg = Release|Any CPU
		{ECE12448-6E38-C2A2-7A1D-369C84374861}.Release|Any CPU.Build.0 = Release|Any CPU
		{D36E271D-4D35-70C8-9B5E-9D9676DB69A7}.Debug|Any CPU.ActiveCfg = Debug|Any CPU
		{D36E271D-4D35-70C8-9B5E-9D9676DB69A7}.Debug|Any CPU.Build.0 = Debug|Any CPU
		{D36E271D-4D35-70C8-9B5E-9D9676DB69A7}.Release|Any CPU.ActiveCfg = Release|Any CPU
		{D36E271D-4D35-70C8-9B5E-9D9676DB69A7}.Release|Any CPU.Build.0 = Release|Any CPU
	EndGlobalSection
	GlobalSection(SolutionProperties) = preSolution
		HideSolutionNode = FALSE
	EndGlobalSection
	GlobalSection(MonoDevelopProperties) = preSolution
		StartupItem = Assembly-CSharp.csproj
	EndGlobalSection
EndGlobal
